# THIS IS AN AUTOGENERATED FILE. DO NOT EDIT THIS FILE DIRECTLY.
# yarn lockfile v1


"@types/pako@^1.0.1":
  version "1.0.1"
  resolved "https://registry.yarnpkg.com/@types/pako/-/pako-1.0.1.tgz#33b237f3c9aff44d0f82fe63acffa4a365ef4a61"
  integrity sha512-GdZbRSJ3Cv5fiwT6I0SQ3ckeN2PWNqxd26W9Z2fCK1tGrrasGy4puvNFtnddqH9UJFMQYXxEuuB7B8UK+LLwSg==

ee-ts@^1.0.1:
  version "1.0.1"
  resolved "https://registry.yarnpkg.com/ee-ts/-/ee-ts-1.0.1.tgz#f2ee98f5948dbdf7e1efef4d77bc9fa5dd027c63"
  integrity sha512-SIfYXO48Zv7ncr4WCUfdbLPkT3HUDt/0M3cPX/9ezKN7UnCv9+ua8F7v3PLheaO/TYb6hSmo/OzBiH6tHREb6w==

pako@^1.0.10:
  version "1.0.10"
  resolved "https://registry.yarnpkg.com/pako/-/pako-1.0.10.tgz#4328badb5086a426aa90f541977d4955da5c9732"
  integrity sha512-0DTvPVU3ed8+HNXOu5Bs+o//Mbdj9VNQMUOe9oKCwh8l0GNwpTDMKCWbRjgtD291AWnkAgkqA/LOnQS8AmS1tw==

ypubsub@^1.0.2:
  version "1.0.2"
  resolved "https://registry.yarnpkg.com/ypubsub/-/ypubsub-1.0.2.tgz#e74e27a7f88e90b03920c830d140b48e6996daa2"
  integrity sha512-4xY7CqAyhu4EjxPQDhxK2NBecFu0gm7BXa+4WoQdjwRcpumaaFVU1uttWIk5+kuJATjvXpzuj/ityPxEeiDaAA==
